Microsoft Visual Studio Solution File, Format Version 10.00
# Visual Studio 2008
Project("{FAE04EC0-301F-11D3-BF4B-00C04F79EFBC}") = "SMS", "SMS\SMS.csproj", "{D975A540-A859-4533-B361-06AD51B0C2E7}"
EndProject
Project("{54435603-DBB4-11D2-8724-00A0C9A8B90C}") = "Setup", "Setup\Setup.vdproj", "{B4BDFEFA-8606-4E58-A092-8900E4698347}"
EndProject
Global
	GlobalSection(SolutionConfigurationPlatforms) = preSolution
		Debug|Any CPU = Debug|Any CPU
		Release|Any CPU = Release|Any CPU
	EndGlobalSection
	GlobalSection(ProjectConfigurationPlatforms) = postSolution
		{D975A540-A859-4533-B361-06AD51B0C2E7}.Debug|Any CPU.ActiveCfg = Debug|Any CPU
		{D975A540-A859-4533-B361-06AD51B0C2E7}.Debug|Any CPU.Build.0 = Debug|Any CPU
		{D975A540-A859-4533-B361-06AD51B0C2E7}.Release|Any CPU.ActiveCfg = Release|Any CPU
		{D975A540-A859-4533-B361-06AD51B0C2E7}.Release|Any CPU.Build.0 = Release|Any CPU
		{B4BDFEFA-8606-4E58-A092-8900E4698347}.Debug|Any CPU.ActiveCfg = Debug
		{B4BDFEFA-8606-4E58-A092-8900E4698347}.Release|Any CPU.ActiveCfg = Release
	EndGlobalSection
	GlobalSection(SolutionProperties) = preSolution
		HideSolutionNode = FALSE
	EndGlobalSection
EndGlobal
